
Microsoft Visual Studio Solution File, Format Version 12.00
# Visual Studio 15
VisualStudioVersion = 15.0.28307.421
MinimumVisualStudioVersion = 10.0.40219.1
Project("{FAE04EC0-301F-11D3-BF4B-00C04F79EFBC}") = "GaragePro.Services", "GaragePro.Services\GaragePro.Services.csproj", "{F7CA52BF-0C67-489D-98A3-C37B6FE34BCA}"
EndProject
Project("{FAE04EC0-301F-11D3-BF4B-00C04F79EFBC}") = "GaragePro.Tests", "GaragePro.Tests\GaragePro.Tests.csproj", "{7B801003-AB71-485A-86DB-683DC250EA9A}"
EndProject
Global
	GlobalSection(SolutionConfigurationPlatforms) = preSolution
		Debug|Any CPU = Debug|Any CPU
		Release|Any CPU = Release|Any CPU
	EndGlobalSection
	GlobalSection(ProjectConfigurationPlatforms) = postSolution
		{F7CA52BF-0C67-489D-98A3-C37B6FE34BCA}.Debug|Any CPU.ActiveCfg = Debug|Any CPU
		{F7CA52BF-0C67-489D-98A3-C37B6FE34BCA}.Debug|Any CPU.Build.0 = Debug|Any CPU
		{F7CA52BF-0C67-489D-98A3-C37B6FE34BCA}.Release|Any CPU.ActiveCfg = Release|Any CPU
		{F7CA52BF-0C67-489D-98A3-C37B6FE34BCA}.Release|Any CPU.Build.0 = Release|Any CPU
		{7B801003-AB71-485A-86DB-683DC250EA9A}.Debug|Any CPU.ActiveCfg = Debug|Any CPU
		{7B801003-AB71-485A-86DB-683DC250EA9A}.Debug|Any CPU.Build.0 = Debug|Any CPU
		{7B801003-AB71-485A-86DB-683DC250EA9A}.Release|Any CPU.ActiveCfg = Release|Any CPU
		{7B801003-AB71-485A-86DB-683DC250EA9A}.Release|Any CPU.Build.0 = Release|Any CPU
	EndGlobalSection
	GlobalSection(SolutionProperties) = preSolution
		HideSolutionNode = FALSE
	EndGlobalSection
	GlobalSection(ExtensibilityGlobals) = postSolution
		SolutionGuid = {905DF186-D76C-4C5B-B214-4499B945440E}
	EndGlobalSection
EndGlobal
